
Microsoft Visual Studio Solution File, Format Version 12.00
# Visual Studio Version 16
VisualStudioVersion = 16.0.29905.134
MinimumVisualStudioVersion = 10.0.40219.1
Project("{FAE04EC0-301F-11D3-BF4B-00C04F79EFBC}") = "Conditional and loops", "Conditional and loops\Conditional and loops.csproj", "{B8A838FA-BD5C-459F-8269-46F74B13F1E8}"
EndProject
Global
	GlobalSection(SolutionConfigurationPlatforms) = preSolution
		Debug|Any CPU = Debug|Any CPU
		Release|Any CPU = Release|Any CPU
	EndGlobalSection
	GlobalSection(ProjectConfigurationPlatforms) = postSolution
		{B8A838FA-BD5C-459F-8269-46F74B13F1E8}.Debug|Any CPU.ActiveCfg = Debug|Any CPU
		{B8A838FA-BD5C-459F-8269-46F74B13F1E8}.Debug|Any CPU.Build.0 = Debug|Any CPU
		{B8A838FA-BD5C-459F-8269-46F74B13F1E8}.Release|Any CPU.ActiveCfg = Release|Any CPU
		{B8A838FA-BD5C-459F-8269-46F74B13F1E8}.Release|Any CPU.Build.0 = Release|Any CPU
	EndGlobalSection
	GlobalSection(SolutionProperties) = preSolution
		HideSolutionNode = FALSE
	EndGlobalSection
	GlobalSection(ExtensibilityGlobals) = postSolution
		SolutionGuid = {94A824E0-5D2C-48E8-AA03-9BCFA860A040}
	EndGlobalSection
EndGlobal
